// !$*UTF8*$!
{
	archiveVersion = 1;
	classes = {
	};
	objectVersion = 48;
	objects = {

/* Begin PBXBuildFile section */
		4C109A0F282343BC00592AD6 /* FriendsViewController.swift in Sources */ = {isa = PBXBuildFile; fileRef = 4C109A0E282343BC00592AD6 /* FriendsViewController.swift */; };
		4C1F7A1828232EB3008AD2F8 /* SettingsTableViewController.swift in Sources */ = {isa = PBXBuildFile; fileRef = 4C1F7A1728232EB3008AD2F8 /* SettingsTableViewController.swift */; };
		4C204D68280B252C00B288FA /* FullScreenViewController.swift in Sources */ = {isa = PBXBuildFile; fileRef = 4C204D67280B252C00B288FA /* FullScreenViewController.swift */; };
		4C204D6B280B2A3100B288FA /* FullScreenCollectionViewCell.swift in Sources */ = {isa = PBXBuildFile; fileRef = 4C204D69280B2A3100B288FA /* FullScreenCollectionViewCell.swift */; };
		4C204D6C280B2A3100B288FA /* FullScreenCollectionViewCell.xib in Resources */ = {isa = PBXBuildFile; fileRef = 4C204D6A280B2A3100B288FA /* FullScreenCollectionViewCell.xib */; };
		4C6B63E72809C1E800649C46 /* PhotoViewController.swift in Sources */ = {isa = PBXBuildFile; fileRef = 4C6B63E62809C1E800649C46 /* PhotoViewController.swift */; };
		4C6B63EA2809F43800649C46 /* ImageCollectionViewCell.swift in Sources */ = {isa = PBXBuildFile; fileRef = 4C6B63E82809F43800649C46 /* ImageCollectionViewCell.swift */; };
		4C6B63EB2809F43800649C46 /* ImageCollectionViewCell.xib in Resources */ = {isa = PBXBuildFile; fileRef = 4C6B63E92809F43800649C46 /* ImageCollectionViewCell.xib */; };
		4CD55DE1282474870015BE0E /* UserTableViewCell.swift in Sources */ = {isa = PBXBuildFile; fileRef = 4CD55DE0282474870015BE0E /* UserTableViewCell.swift */; };
		4CD55DE32824780E0015BE0E /* User.swift in Sources */ = {isa = PBXBuildFile; fileRef = 4CD55DE22824780E0015BE0E /* User.swift */; };
		4CD55DE5282479810015BE0E /* ModelUser.swift in Sources */ = {isa = PBXBuildFile; fileRef = 4CD55DE4282479810015BE0E /* ModelUser.swift */; };
		4CD55DE72824905A0015BE0E /* UserViewController.swift in Sources */ = {isa = PBXBuildFile; fileRef = 4CD55DE62824905A0015BE0E /* UserViewController.swift */; };
		4CD55DE92825DA0A0015BE0E /* MapViewController.swift in Sources */ = {isa = PBXBuildFile; fileRef = 4CD55DE82825DA0A0015BE0E /* MapViewController.swift */; };
		4CE00B9927F9E06A00E76F23 /* AppDelegate.swift in Sources */ = {isa = PBXBuildFile; fileRef = 4CE00B9827F9E06A00E76F23 /* AppDelegate.swift */; };
		4CE00B9B27F9E06A00E76F23 /* ViewController.swift in Sources */ = {isa = PBXBuildFile; fileRef = 4CE00B9A27F9E06A00E76F23 /* ViewController.swift */; };
		4CE00B9E27F9E06A00E76F23 /* Main.storyboard in Resources */ = {isa = PBXBuildFile; fileRef = 4CE00B9C27F9E06A00E76F23 /* Main.storyboard */; };
		4CE00BA027F9E06A00E76F23 /* Assets.xcassets in Resources */ = {isa = PBXBuildFile; fileRef = 4CE00B9F27F9E06A00E76F23 /* Assets.xcassets */; };
		4CE00BA327F9E06A00E76F23 /* LaunchScreen.storyboard in Resources */ = {isa = PBXBuildFile; fileRef = 4CE00BA127F9E06A00E76F23 /* LaunchScreen.storyboard */; };
		4CF82B9227FC934A00E61FAC /* LoginViewController.swift in Sources */ = {isa = PBXBuildFile; fileRef = 4CF82B9127FC934A00E61FAC /* LoginViewController.swift */; };
/* End PBXBuildFile section */

/* Begin PBXFileReference section */
		4C109A0E282343BC00592AD6 /* FriendsViewController.swift */ = {isa = PBXFileReference; lastKnownFileType = sourcecode.swift; path = FriendsViewController.swift; sourceTree = "<group>"; };
		4C1F7A1728232EB3008AD2F8 /* SettingsTableViewController.swift */ = {isa = PBXFileReference; lastKnownFileType = sourcecode.swift; path = SettingsTableViewController.swift; sourceTree = "<group>"; };
		4C204D67280B252C00B288FA /* FullScreenViewController.swift */ = {isa = PBXFileReference; lastKnownFileType = sourcecode.swift; path = FullScreenViewController.swift; sourceTree = "<group>"; };
		4C204D69280B2A3100B288FA /* FullScreenCollectionViewCell.swift */ = {isa = PBXFileReference; lastKnownFileType = sourcecode.swift; path = FullScreenCollectionViewCell.swift; sourceTree = "<group>"; };
		4C204D6A280B2A3100B288FA /* FullScreenCollectionViewCell.xib */ = {isa = PBXFileReference; lastKnownFileType = file.xib; path = FullScreenCollectionViewCell.xib; sourceTree = "<group>"; };
		4C6B63E62809C1E800649C46 /* PhotoViewController.swift */ = {isa = PBXFileReference; lastKnownFileType = sourcecode.swift; path = PhotoViewController.swift; sourceTree = "<group>"; };
		4C6B63E82809F43800649C46 /* ImageCollectionViewCell.swift */ = {isa = PBXFileReference; lastKnownFileType = sourcecode.swift; path = ImageCollectionViewCell.swift; sourceTree = "<group>"; };
		4C6B63E92809F43800649C46 /* ImageCollectionViewCell.xib */ = {isa = PBXFileReference; lastKnownFileType = file.xib; path = ImageCollectionViewCell.xib; sourceTree = "<group>"; };
		4CD55DE0282474870015BE0E /* UserTableViewCell.swift */ = {isa = PBXFileReference; lastKnownFileType = sourcecode.swift; path = UserTableViewCell.swift; sourceTree = "<group>"; };
		4CD55DE22824780E0015BE0E /* User.swift */ = {isa = PBXFileReference; lastKnownFileType = sourcecode.swift; path = User.swift; sourceTree = "<group>"; };
		4CD55DE4282479810015BE0E /* ModelUser.swift */ = {isa = PBXFileReference; lastKnownFileType = sourcecode.swift; path = ModelUser.swift; sourceTree = "<group>"; };
		4CD55DE62824905A0015BE0E /* UserViewController.swift */ = {isa = PBXFileReference; lastKnownFileType = sourcecode.swift; path = UserViewController.swift; sourceTree = "<group>"; };
		4CD55DE82825DA0A0015BE0E /* MapViewController.swift */ = {isa = PBXFileReference; lastKnownFileType = sourcecode.swift; path = MapViewController.swift; sourceTree = "<group>"; };
		4CE00B9527F9E06A00E76F23 /* test3.app */ = {isa = PBXFileReference; explicitFileType = wrapper.application; includeInIndex = 0; path = test3.app; sourceTree = BUILT_PRODUCTS_DIR; };
		4CE00B9827F9E06A00E76F23 /* AppDelegate.swift */ = {isa = PBXFileReference; lastKnownFileType = sourcecode.swift; path = AppDelegate.swift; sourceTree = "<group>"; };
		4CE00B9A27F9E06A00E76F23 /* ViewController.swift */ = {isa = PBXFileReference; lastKnownFileType = sourcecode.swift; path = ViewController.swift; sourceTree = "<group>"; };
		4CE00B9D27F9E06A00E76F23 /* Base */ = {isa = PBXFileReference; lastKnownFileType = file.storyboard; name = Base; path = Base.lproj/Main.storyboard; sourceTree = "<group>"; };
		4CE00B9F27F9E06A00E76F23 /* Assets.xcassets */ = {isa = PBXFileReference; lastKnownFileType = folder.assetcatalog; path = Assets.xcassets; sourceTree = "<group>"; };
		4CE00BA227F9E06A00E76F23 /* Base */ = {isa = PBXFileReference; lastKnownFileType = file.storyboard; name = Base; path = Base.lproj/LaunchScreen.storyboard; sourceTree = "<group>"; };
		4CE00BA427F9E06A00E76F23 /* Info.plist */ = {isa = PBXFileReference; lastKnownFileType = text.plist.xml; path = Info.plist; sourceTree = "<group>"; };
		4CF82B9127FC934A00E61FAC /* LoginViewController.swift */ = {isa = PBXFileReference; lastKnownFileType = sourcecode.swift; path = LoginViewController.swift; sourceTree = "<group>"; };
/* End PBXFileReference section */

/* Begin PBXFrameworksBuildPhase section */
		4CE00B9227F9E06A00E76F23 /* Frameworks */ = {
			isa = PBXFrameworksBuildPhase;
			buildActionMask = 2147483647;
			files = (
			);
			runOnlyForDeploymentPostprocessing = 0;
		};
/* End PBXFrameworksBuildPhase section */

/* Begin PBXGroup section */
		4C204D6D280B2A7F00B288FA /* Cells */ = {
			isa = PBXGroup;
			children = (
				4C6B63E82809F43800649C46 /* ImageCollectionViewCell.swift */,
				4C6B63E92809F43800649C46 /* ImageCollectionViewCell.xib */,
				4C204D69280B2A3100B288FA /* FullScreenCollectionViewCell.swift */,
				4C204D6A280B2A3100B288FA /* FullScreenCollectionViewCell.xib */,
				4CD55DE0282474870015BE0E /* UserTableViewCell.swift */,
			);
			path = Cells;
			sourceTree = "<group>";
		};
		4CE00B8C27F9E06A00E76F23 = {
			isa = PBXGroup;
			children = (
				4CE00B9727F9E06A00E76F23 /* test3 */,
				4CE00B9627F9E06A00E76F23 /* Products */,
			);
			sourceTree = "<group>";
		};
		4CE00B9627F9E06A00E76F23 /* Products */ = {
			isa = PBXGroup;
			children = (
				4CE00B9527F9E06A00E76F23 /* test3.app */,
			);
			name = Products;
			sourceTree = "<group>";
		};
		4CE00B9727F9E06A00E76F23 /* test3 */ = {
			isa = PBXGroup;
			children = (
				4CE00B9827F9E06A00E76F23 /* AppDelegate.swift */,
				4CE00B9A27F9E06A00E76F23 /* ViewController.swift */,
				4CE00B9C27F9E06A00E76F23 /* Main.storyboard */,
				4CE00B9F27F9E06A00E76F23 /* Assets.xcassets */,
				4CE00BA127F9E06A00E76F23 /* LaunchScreen.storyboard */,
				4CE00BA427F9E06A00E76F23 /* Info.plist */,
				4CF82B9127FC934A00E61FAC /* LoginViewController.swift */,
				4C6B63E62809C1E800649C46 /* PhotoViewController.swift */,
				4C204D6D280B2A7F00B288FA /* Cells */,
				4C204D67280B252C00B288FA /* FullScreenViewController.swift */,
				4C1F7A1728232EB3008AD2F8 /* SettingsTableViewController.swift */,
				4C109A0E282343BC00592AD6 /* FriendsViewController.swift */,
				4CD55DE22824780E0015BE0E /* User.swift */,
				4CD55DE4282479810015BE0E /* ModelUser.swift */,
				4CD55DE62824905A0015BE0E /* UserViewController.swift */,
				4CD55DE82825DA0A0015BE0E /* MapViewController.swift */,
			);
			path = test3;
			sourceTree = "<group>";
		};
/* End PBXGroup section */

/* Begin PBXNativeTarget section */
		4CE00B9427F9E06A00E76F23 /* test3 */ = {
			isa = PBXNativeTarget;
			buildConfigurationList = 4CE00BA727F9E06A00E76F23 /* Build configuration list for PBXNativeTarget "test3" */;
			buildPhases = (
				4CE00B9127F9E06A00E76F23 /* Sources */,
				4CE00B9227F9E06A00E76F23 /* Frameworks */,
				4CE00B9327F9E06A00E76F23 /* Resources */,
			);
			buildRules = (
			);
			dependencies = (
			);
			name = test3;
			productName = test3;
			productReference = 4CE00B9527F9E06A00E76F23 /* test3.app */;
			productType = "com.apple.product-type.application";
		};
/* End PBXNativeTarget section */

/* Begin PBXProject section */
		4CE00B8D27F9E06A00E76F23 /* Project object */ = {
			isa = PBXProject;
			attributes = {
				LastSwiftUpdateCheck = 0920;
				LastUpgradeCheck = 0920;
				ORGANIZATIONNAME = "Nastia Dovhun";
				TargetAttributes = {
					4CE00B9427F9E06A00E76F23 = {
						CreatedOnToolsVersion = 9.2;
						ProvisioningStyle = Automatic;
					};
				};
			};
			buildConfigurationList = 4CE00B9027F9E06A00E76F23 /* Build configuration list for PBXProject "test3" */;
			compatibilityVersion = "Xcode 8.0";
			developmentRegion = en;
			hasScannedForEncodings = 0;
			knownRegions = (
				en,
				Base,
			);
			mainGroup = 4CE00B8C27F9E06A00E76F23;
			productRefGroup = 4CE00B9627F9E06A00E76F23 /* Products */;
			projectDirPath = "";
			projectRoot = "";
			targets = (
				4CE00B9427F9E06A00E76F23 /* test3 */,
			);
		};
/* End PBXProject section */

/* Begin PBXResourcesBuildPhase section */
		4CE00B9327F9E06A00E76F23 /* Resources */ = {
			isa = PBXResourcesBuildPhase;
			buildActionMask = 2147483647;
			files = (
				4CE00BA327F9E06A00E76F23 /* LaunchScreen.storyboard in Resources */,
				4CE00BA027F9E06A00E76F23 /* Assets.xcassets in Resources */,
				4CE00B9E27F9E06A00E76F23 /* Main.storyboard in Resources */,
				4C204D6C280B2A3100B288FA /* FullScreenCollectionViewCell.xib in Resources */,
				4C6B63EB2809F43800649C46 /* ImageCollectionViewCell.xib in Resources */,
			);
			runOnlyForDeploymentPostprocessing = 0;
		};
/* End PBXResourcesBuildPhase section */

/* Begin PBXSourcesBuildPhase section */
		4CE00B9127F9E06A00E76F23 /* Sources */ = {
			isa = PBXSourcesBuildPhase;
			buildActionMask = 2147483647;
			files = (
				4CE00B9B27F9E06A00E76F23 /* ViewController.swift in Sources */,
				4C109A0F282343BC00592AD6 /* FriendsViewController.swift in Sources */,
				4CD55DE72824905A0015BE0E /* UserViewController.swift in Sources */,
				4CE00B9927F9E06A00E76F23 /* AppDelegate.swift in Sources */,
				4CF82B9227FC934A00E61FAC /* LoginViewController.swift in Sources */,
				4CD55DE1282474870015BE0E /* UserTableViewCell.swift in Sources */,
				4C6B63E72809C1E800649C46 /* PhotoViewController.swift in Sources */,
				4CD55DE5282479810015BE0E /* ModelUser.swift in Sources */,
				4C1F7A1828232EB3008AD2F8 /* SettingsTableViewController.swift in Sources */,
				4C6B63EA2809F43800649C46 /* ImageCollectionViewCell.swift in Sources */,
				4C204D68280B252C00B288FA /* FullScreenViewController.swift in Sources */,
				4C204D6B280B2A3100B288FA /* FullScreenCollectionViewCell.swift in Sources */,
				4CD55DE32824780E0015BE0E /* User.swift in Sources */,
				4CD55DE92825DA0A0015BE0E /* MapViewController.swift in Sources */,
			);
			runOnlyForDeploymentPostprocessing = 0;
		};
/* End PBXSourcesBuildPhase section */

/* Begin PBXVariantGroup section */
		4CE00B9C27F9E06A00E76F23 /* Main.storyboard */ = {
			isa = PBXVariantGroup;
			children = (
				4CE00B9D27F9E06A00E76F23 /* Base */,
			);
			name = Main.storyboard;
			sourceTree = "<group>";
		};
		4CE00BA127F9E06A00E76F23 /* LaunchScreen.storyboard */ = {
			isa = PBXVariantGroup;
			children = (
				4CE00BA227F9E06A00E76F23 /* Base */,
			);
			name = LaunchScreen.storyboard;
			sourceTree = "<group>";
		};
/* End PBXVariantGroup section */

/* Begin XCBuildConfiguration section */
		4CE00BA527F9E06A00E76F23 /* Debug */ = {
			isa = XCBuildConfiguration;
			buildSettings = {
				ALWAYS_SEARCH_USER_PATHS = NO;
				CLANG_ANALYZER_NONNULL = YES;
				CLANG_ANALYZER_NUMBER_OBJECT_CONVERSION = YES_AGGRESSIVE;
				CLANG_CXX_LANGUAGE_STANDARD = "gnu++14";
				CLANG_CXX_LIBRARY = "libc++";
				CLANG_ENABLE_MODULES = YES;
				CLANG_ENABLE_OBJC_ARC = YES;
				CLANG_WARN_BLOCK_CAPTURE_AUTORELEASING = YES;
				CLANG_WARN_BOOL_CONVERSION = YES;
				CLANG_WARN_COMMA = YES;
				CLANG_WARN_CONSTANT_CONVERSION = YES;
				CLANG_WARN_DIRECT_OBJC_ISA_USAGE = YES_ERROR;
				CLANG_WARN_DOCUMENTATION_COMMENTS = YES;
				CLANG_WARN_EMPTY_BODY = YES;
				CLANG_WARN_ENUM_CONVERSION = YES;
				CLANG_WARN_INFINITE_RECURSION = YES;
				CLANG_WARN_INT_CONVERSION = YES;
				CLANG_WARN_NON_LITERAL_NULL_CONVERSION = YES;
				CLANG_WARN_OBJC_LITERAL_CONVERSION = YES;
				CLANG_WARN_OBJC_ROOT_CLASS = YES_ERROR;
				CLANG_WARN_RANGE_LOOP_ANALYSIS = YES;
				CLANG_WARN_STRICT_PROTOTYPES = YES;
				CLANG_WARN_SUSPICIOUS_MOVE = YES;
				CLANG_WARN_UNGUARDED_AVAILABILITY = YES_AGGRESSIVE;
				CLANG_WARN_UNREACHABLE_CODE = YES;
				CLANG_WARN__DUPLICATE_METHOD_MATCH = YES;
				CODE_SIGN_IDENTITY = "iPhone Developer";
				COPY_PHASE_STRIP = NO;
				DEBUG_INFORMATION_FORMAT = dwarf;
				ENABLE_STRICT_OBJC_MSGSEND = YES;
				ENABLE_TESTABILITY = YES;
				GCC_C_LANGUAGE_STANDARD = gnu11;
				GCC_DYNAMIC_NO_PIC = NO;
				GCC_NO_COMMON_BLOCKS = YES;
				GCC_OPTIMIZATION_LEVEL = 0;
				GCC_PREPROCESSOR_DEFINITIONS = (
					"DEBUG=1",
					"$(inherited)",
				);
				GCC_WARN_64_TO_32_BIT_CONVERSION = YES;
				GCC_WARN_ABOUT_RETURN_TYPE = YES_ERROR;
				GCC_WARN_UNDECLARED_SELECTOR = YES;
				GCC_WARN_UNINITIALIZED_AUTOS = YES_AGGRESSIVE;
				GCC_WARN_UNUSED_FUNCTION = YES;
				GCC_WARN_UNUSED_VARIABLE = YES;
				IPHONEOS_DEPLOYMENT_TARGET = 11.2;
				MTL_ENABLE_DEBUG_INFO = YES;
				ONLY_ACTIVE_ARCH = YES;
				SDKROOT = iphoneos;
				SWIFT_ACTIVE_COMPILATION_CONDITIONS = DEBUG;
				SWIFT_OPTIMIZATION_LEVEL = "-Onone";
			};
			name = Debug;
		};
		4CE00BA627F9E06A00E76F23 /* Release */ = {
			isa = XCBuildConfiguration;
			buildSettings = {
				ALWAYS_SEARCH_USER_PATHS = NO;
				CLANG_ANALYZER_NONNULL = YES;
				CLANG_ANALYZER_NUMBER_OBJECT_CONVERSION = YES_AGGRESSIVE;
				CLANG_CXX_LANGUAGE_STANDARD = "gnu++14";
				CLANG_CXX_LIBRARY = "libc++";
				CLANG_ENABLE_MODULES = YES;
				CLANG_ENABLE_OBJC_ARC = YES;
				CLANG_WARN_BLOCK_CAPTURE_AUTORELEASING = YES;
				CLANG_WARN_BOOL_CONVERSION = YES;
				CLANG_WARN_COMMA = YES;
				CLANG_WARN_CONSTANT_CONVERSION = YES;
				CLANG_WARN_DIRECT_OBJC_ISA_USAGE = YES_ERROR;
				CLANG_WARN_DOCUMENTATION_COMMENTS = YES;
				CLANG_WARN_EMPTY_BODY = YES;
				CLANG_WARN_ENUM_CONVERSION = YES;
				CLANG_WARN_INFINITE_RECURSION = YES;
				CLANG_WARN_INT_CONVERSION = YES;
				CLANG_WARN_NON_LITERAL_NULL_CONVERSION = YES;
				CLANG_WARN_OBJC_LITERAL_CONVERSION = YES;
				CLANG_WARN_OBJC_ROOT_CLASS = YES_ERROR;
				CLANG_WARN_RANGE_LOOP_ANALYSIS = YES;
				CLANG_WARN_STRICT_PROTOTYPES = YES;
				CLANG_WARN_SUSPICIOUS_MOVE = YES;
				CLANG_WARN_UNGUARDED_AVAILABILITY = YES_AGGRESSIVE;
				CLANG_WARN_UNREACHABLE_CODE = YES;
				CLANG_WARN__DUPLICATE_METHOD_MATCH = YES;
				CODE_SIGN_IDENTITY = "iPhone Developer";
				COPY_PHASE_STRIP = NO;
				DEBUG_INFORMATION_FORMAT = "dwarf-with-dsym";
				ENABLE_NS_ASSERTIONS = NO;
				ENABLE_STRICT_OBJC_MSGSEND = YES;
				GCC_C_LANGUAGE_STANDARD = gnu11;
				GCC_NO_COMMON_BLOCKS = YES;
				GCC_WARN_64_TO_32_BIT_CONVERSION = YES;
				GCC_WARN_ABOUT_RETURN_TYPE = YES_ERROR;
				GCC_WARN_UNDECLARED_SELECTOR = YES;
				GCC_WARN_UNINITIALIZED_AUTOS = YES_AGGRESSIVE;
				GCC_WARN_UNUSED_FUNCTION = YES;
				GCC_WARN_UNUSED_VARIABLE = YES;
				IPHONEOS_DEPLOYMENT_TARGET = 11.2;
				MTL_ENABLE_DEBUG_INFO = NO;
				SDKROOT = iphoneos;
				SWIFT_OPTIMIZATION_LEVEL = "-Owholemodule";
				VALIDATE_PRODUCT = YES;
			};
			name = Release;
		};
		4CE00BA827F9E06A00E76F23 /* Debug */ = {
			isa = XCBuildConfiguration;
			buildSettings = {
				ASSETCATALOG_COMPILER_APPICON_NAME = AppIcon;
				"CODE_SIGN_IDENTITY[sdk=iphoneos*]" = "iPhone Developer";
				CODE_SIGN_STYLE = Automatic;
				DEVELOPMENT_TEAM = B5TTC8T2J9;
				INFOPLIST_FILE = test3/Info.plist;
				LD_RUNPATH_SEARCH_PATHS = "$(inherited) @executable_path/Frameworks";
				PRODUCT_BUNDLE_IDENTIFIER = xyzee.test3;
				PRODUCT_NAME = "$(TARGET_NAME)";
				PROVISIONING_PROFILE_SPECIFIER = "";
				SWIFT_VERSION = 4.0;
				TARGETED_DEVICE_FAMILY = 1;
			};
			name = Debug;
		};
		4CE00BA927F9E06A00E76F23 /* Release */ = {
			isa = XCBuildConfiguration;
			buildSettings = {
				ASSETCATALOG_COMPILER_APPICON_NAME = AppIcon;
				"CODE_SIGN_IDENTITY[sdk=iphoneos*]" = "iPhone Developer";
				CODE_SIGN_STYLE = Automatic;
				DEVELOPMENT_TEAM = B5TTC8T2J9;
				INFOPLIST_FILE = test3/Info.plist;
				LD_RUNPATH_SEARCH_PATHS = "$(inherited) @executable_path/Frameworks";
				PRODUCT_BUNDLE_IDENTIFIER = xyzee.test3;
				PRODUCT_NAME = "$(TARGET_NAME)";
				PROVISIONING_PROFILE_SPECIFIER = "";
				SWIFT_VERSION = 4.0;
				TARGETED_DEVICE_FAMILY = 1;
			};
			name = Release;
		};
/* End XCBuildConfiguration section */

/* Begin XCConfigurationList section */
		4CE00B9027F9E06A00E76F23 /* Build configuration list for PBXProject "test3" */ = {
			isa = XCConfigurationList;
			buildConfigurations = (
				4CE00BA527F9E06A00E76F23 /* Debug */,
				4CE00BA627F9E06A00E76F23 /* Release */,
			);
			defaultConfigurationIsVisible = 0;
			defaultConfigurationName = Release;
		};
		4CE00BA727F9E06A00E76F23 /* Build configuration list for PBXNativeTarget "test3" */ = {
			isa = XCConfigurationList;
			buildConfigurations = (
				4CE00BA827F9E06A00E76F23 /* Debug */,
				4CE00BA927F9E06A00E76F23 /* Release */,
			);
			defaultConfigurationIsVisible = 0;
			defaultConfigurationName = Release;
		};
/* End XCConfigurationList section */
	};
	rootObject = 4CE00B8D27F9E06A00E76F23 /* Project object */;
}
